{
  "nodes": {
    "nixpkgs": {
      "locked": {
        "lastModified": 1678872516,
        "narHash": "sha256-/E1YwtMtFAu2KUQKV/1+KFuReYPANM2Rzehk84VxVoc=",
        "owner": "nixos",
        "repo": "nixpkgs",
        "rev": "9b8e5abb18324c7fe9f07cb100c3cd4a29cda8b8",
        "type": "github"
      },
      "original": {
        "owner": "nixos",
        "ref": "nixos-22.11",
        "repo": "nixpkgs",
        "type": "github"
      }
    },
    "root": {
      "inputs": {
        "nixpkgs": "nixpkgs",
        "stacklock2nix": "stacklock2nix"
      }
    },
    "stacklock2nix": {
      "locked": {
        "lastModified": 1678782801,
        "narHash": "sha256-xYRErwYhuRRmcqaTdzSF2+zChl4MC+Jw5Js/YSp74QI=",
        "owner": "cdepillabout",
        "repo": "stacklock2nix",
        "rev": "bf24fd124d952811e91bf075d2172948b59652bb",
        "type": "github"
      },
      "original": {
        "owner": "cdepillabout",
        "ref": "main",
        "repo": "stacklock2nix",
        "type": "github"
      }
    }
  },
  "root": "root",
  "version": 7
}
