{
  "nodes": {
    "nixpkgs": {
      "locked": {
        "lastModified": 1670543317,
        "narHash": "sha256-4mMR56rtxKr+Gwz399jFr4i76SQZxsLWxxyfQlPXRm0=",
        "owner": "nixos",
        "repo": "nixpkgs",
        "rev": "7a6a010c3a1d00f8470a5ca888f2f927f1860a19",
        "type": "github"
      },
      "original": {
        "owner": "nixos",
        "ref": "nixos-22.11",
        "repo": "nixpkgs",
        "type": "github"
      }
    },
    "root": {
      "inputs": {
        "nixpkgs": "nixpkgs",
        "stacklock2nix": "stacklock2nix"
      }
    },
    "stacklock2nix": {
      "locked": {
        "lastModified": 1670585910,
        "narHash": "sha256-zO6Iu8QobQDdzL4ksJ2wXISc4p8bIzuGACnIm2cPJSU=",
        "owner": "cdepillabout",
        "repo": "stacklock2nix",
        "rev": "4dc64531ef30c8a969a2b39133c384b9fb91af72",
        "type": "github"
      },
      "original": {
        "owner": "cdepillabout",
        "ref": "main",
        "repo": "stacklock2nix",
        "type": "github"
      }
    }
  },
  "root": "root",
  "version": 7
}
